PODS:
  - AppMonet_Bidder-universal (1.7.9)

DEPENDENCIES:
  - AppMonet_Bidder-universal

SPEC REPOS:
  https://downloads.a-mo.net/1e1b428c83222ad235d62f216e2c4945d3e46c2da85a3865/cocoapods:
    - AppMonet_Bidder-universal

SPEC CHECKSUMS:
  AppMonet_Bidder-universal: b0654be62e7a3dda7f250e1180d963839ea652ff

PODFILE CHECKSUM: a530bed07cad966c827160500f37e209698740a1

COCOAPODS: 1.9.0.beta.2
